
Microsoft Visual Studio Solution File, Format Version 12.00
# Visual Studio Version 17
VisualStudioVersion = 17.3.32929.385
MinimumVisualStudioVersion = 10.0.40219.1
Project("{FAE04EC0-301F-11D3-BF4B-00C04F79EFBC}") = "DataProtection.Web", "DataProtection.Web\DataProtection.Web.csproj", "{14A153C2-993A-471B-8735-265673FBB173}"
EndProject
Project("{FAE04EC0-301F-11D3-BF4B-00C04F79EFBC}") = "WhiteBlackList.Web", "WhiteBlackList.Web\WhiteBlackList.Web.csproj", "{5278B5CA-8CA9-47BF-996F-24678B5BC88F}"
EndProject
Project("{FAE04EC0-301F-11D3-BF4B-00C04F79EFBC}") = "SecretProtection.Web", "SecretProtection.Web\SecretProtection.Web.csproj", "{2A309FB6-0FF9-4DD4-AF7C-B7E29D23CF7B}"
EndProject
Global
	GlobalSection(SolutionConfigurationPlatforms) = preSolution
		Debug|Any CPU = Debug|Any CPU
		Release|Any CPU = Release|Any CPU
	EndGlobalSection
	GlobalSection(ProjectConfigurationPlatforms) = postSolution
		{14A153C2-993A-471B-8735-265673FBB173}.Debug|Any CPU.ActiveCfg = Debug|Any CPU
		{14A153C2-993A-471B-8735-265673FBB173}.Debug|Any CPU.Build.0 = Debug|Any CPU
		{14A153C2-993A-471B-8735-265673FBB173}.Release|Any CPU.ActiveCfg = Release|Any CPU
		{14A153C2-993A-471B-8735-265673FBB173}.Release|Any CPU.Build.0 = Release|Any CPU
		{5278B5CA-8CA9-47BF-996F-24678B5BC88F}.Debug|Any CPU.ActiveCfg = Debug|Any CPU
		{5278B5CA-8CA9-47BF-996F-24678B5BC88F}.Debug|Any CPU.Build.0 = Debug|Any CPU
		{5278B5CA-8CA9-47BF-996F-24678B5BC88F}.Release|Any CPU.ActiveCfg = Release|Any CPU
		{5278B5CA-8CA9-47BF-996F-24678B5BC88F}.Release|Any CPU.Build.0 = Release|Any CPU
		{2A309FB6-0FF9-4DD4-AF7C-B7E29D23CF7B}.Debug|Any CPU.ActiveCfg = Debug|Any CPU
		{2A309FB6-0FF9-4DD4-AF7C-B7E29D23CF7B}.Debug|Any CPU.Build.0 = Debug|Any CPU
		{2A309FB6-0FF9-4DD4-AF7C-B7E29D23CF7B}.Release|Any CPU.ActiveCfg = Release|Any CPU
		{2A309FB6-0FF9-4DD4-AF7C-B7E29D23CF7B}.Release|Any CPU.Build.0 = Release|Any CPU
	EndGlobalSection
	GlobalSection(SolutionProperties) = preSolution
		HideSolutionNode = FALSE
	EndGlobalSection
	GlobalSection(ExtensibilityGlobals) = postSolution
		SolutionGuid = {B77D06B4-4A73-42C2-A9FB-CA1835EE2BEC}
	EndGlobalSection
EndGlobal
